// !$*UTF8*$!
{
	archiveVersion = 1;
	classes = {
	};
	objectVersion = 50;
	objects = {

/* Begin PBXBuildFile section */
		AF56CA15209FEE550039FE1B /* RatingControl.swift in Sources */ = {isa = PBXBuildFile; fileRef = AF56CA14209FEE550039FE1B /* RatingControl.swift */; };
		AF9A4029209EDEF3007F5AFC /* AppDelegate.swift in Sources */ = {isa = PBXBuildFile; fileRef = AF9A4028209EDEF3007F5AFC /* AppDelegate.swift */; };
		AF9A402B209EDEF3007F5AFC /* ViewController.swift in Sources */ = {isa = PBXBuildFile; fileRef = AF9A402A209EDEF3007F5AFC /* ViewController.swift */; };
		AF9A402E209EDEF3007F5AFC /* Main.storyboard in Resources */ = {isa = PBXBuildFile; fileRef = AF9A402C209EDEF3007F5AFC /* Main.storyboard */; };
		AF9A4030209EDEF3007F5AFC /* Assets.xcassets in Resources */ = {isa = PBXBuildFile; fileRef = AF9A402F209EDEF3007F5AFC /* Assets.xcassets */; };
		AF9A4033209EDEF3007F5AFC /* LaunchScreen.storyboard in Resources */ = {isa = PBXBuildFile; fileRef = AF9A4031209EDEF3007F5AFC /* LaunchScreen.storyboard */; };
		AF9A403E209EDEF4007F5AFC /* test_savageTests.swift in Sources */ = {isa = PBXBuildFile; fileRef = AF9A403D209EDEF4007F5AFC /* test_savageTests.swift */; };
/* End PBXBuildFile section */

/* Begin PBXContainerItemProxy section */
		AF9A403A209EDEF4007F5AFC /* PBXContainerItemProxy */ = {
			isa = PBXContainerItemProxy;
			containerPortal = AF9A401D209EDEF3007F5AFC /* Project object */;
			proxyType = 1;
			remoteGlobalIDString = AF9A4024209EDEF3007F5AFC;
			remoteInfo = test_savage;
		};
/* End PBXContainerItemProxy section */

/* Begin PBXFileReference section */
		AF56CA14209FEE550039FE1B /* RatingControl.swift */ = {isa = PBXFileReference; lastKnownFileType = sourcecode.swift; path = RatingControl.swift; sourceTree = "<group>"; };
		AF9A4025209EDEF3007F5AFC /* test_savage.app */ = {isa = PBXFileReference; explicitFileType = wrapper.application; includeInIndex = 0; path = test_savage.app; sourceTree = BUILT_PRODUCTS_DIR; };
		AF9A4028209EDEF3007F5AFC /* AppDelegate.swift */ = {isa = PBXFileReference; lastKnownFileType = sourcecode.swift; path = AppDelegate.swift; sourceTree = "<group>"; };
		AF9A402A209EDEF3007F5AFC /* ViewController.swift */ = {isa = PBXFileReference; lastKnownFileType = sourcecode.swift; path = ViewController.swift; sourceTree = "<group>"; };
		AF9A402D209EDEF3007F5AFC /* Base */ = {isa = PBXFileReference; lastKnownFileType = file.storyboard; name = Base; path = Base.lproj/Main.storyboard; sourceTree = "<group>"; };
		AF9A402F209EDEF3007F5AFC /* Assets.xcassets */ = {isa = PBXFileReference; lastKnownFileType = folder.assetcatalog; path = Assets.xcassets; sourceTree = "<group>"; };
		AF9A4032209EDEF3007F5AFC /* Base */ = {isa = PBXFileReference; lastKnownFileType = file.storyboard; name = Base; path = Base.lproj/LaunchScreen.storyboard; sourceTree = "<group>"; };
		AF9A4034209EDEF3007F5AFC /* Info.plist */ = {isa = PBXFileReference; lastKnownFileType = text.plist.xml; path = Info.plist; sourceTree = "<group>"; };
		AF9A4039209EDEF4007F5AFC /* test_savageTests.xctest */ = {isa = PBXFileReference; explicitFileType = wrapper.cfbundle; includeInIndex = 0; path = test_savageTests.xctest; sourceTree = BUILT_PRODUCTS_DIR; };
		AF9A403D209EDEF4007F5AFC /* test_savageTests.swift */ = {isa = PBXFileReference; lastKnownFileType = sourcecode.swift; path = test_savageTests.swift; sourceTree = "<group>"; };
		AF9A403F209EDEF4007F5AFC /* Info.plist */ = {isa = PBXFileReference; lastKnownFileType = text.plist.xml; path = Info.plist; sourceTree = "<group>"; };
/* End PBXFileReference section */

/* Begin PBXFrameworksBuildPhase section */
		AF9A4022209EDEF3007F5AFC /* Frameworks */ = {
			isa = PBXFrameworksBuildPhase;
			buildActionMask = 2147483647;
			files = (
			);
			runOnlyForDeploymentPostprocessing = 0;
		};
		AF9A4036209EDEF4007F5AFC /* Frameworks */ = {
			isa = PBXFrameworksBuildPhase;
			buildActionMask = 2147483647;
			files = (
			);
			runOnlyForDeploymentPostprocessing = 0;
		};
/* End PBXFrameworksBuildPhase section */

/* Begin PBXGroup section */
		AF9A401C209EDEF3007F5AFC = {
			isa = PBXGroup;
			children = (
				AF9A4027209EDEF3007F5AFC /* test_savage */,
				AF9A403C209EDEF4007F5AFC /* test_savageTests */,
				AF9A4026209EDEF3007F5AFC /* Products */,
			);
			sourceTree = "<group>";
		};
		AF9A4026209EDEF3007F5AFC /* Products */ = {
			isa = PBXGroup;
			children = (
				AF9A4025209EDEF3007F5AFC /* test_savage.app */,
				AF9A4039209EDEF4007F5AFC /* test_savageTests.xctest */,
			);
			name = Products;
			sourceTree = "<group>";
		};
		AF9A4027209EDEF3007F5AFC /* test_savage */ = {
			isa = PBXGroup;
			children = (
				AF9A4028209EDEF3007F5AFC /* AppDelegate.swift */,
				AF9A402A209EDEF3007F5AFC /* ViewController.swift */,
				AF56CA14209FEE550039FE1B /* RatingControl.swift */,
				AF9A402C209EDEF3007F5AFC /* Main.storyboard */,
				AF9A402F209EDEF3007F5AFC /* Assets.xcassets */,
				AF9A4031209EDEF3007F5AFC /* LaunchScreen.storyboard */,
				AF9A4034209EDEF3007F5AFC /* Info.plist */,
			);
			path = test_savage;
			sourceTree = "<group>";
		};
		AF9A403C209EDEF4007F5AFC /* test_savageTests */ = {
			isa = PBXGroup;
			children = (
				AF9A403D209EDEF4007F5AFC /* test_savageTests.swift */,
				AF9A403F209EDEF4007F5AFC /* Info.plist */,
			);
			path = test_savageTests;
			sourceTree = "<group>";
		};
/* End PBXGroup section */

/* Begin PBXNativeTarget section */
		AF9A4024209EDEF3007F5AFC /* test_savage */ = {
			isa = PBXNativeTarget;
			buildConfigurationList = AF9A4042209EDEF4007F5AFC /* Build configuration list for PBXNativeTarget "test_savage" */;
			buildPhases = (
				AF9A4021209EDEF3007F5AFC /* Sources */,
				AF9A4022209EDEF3007F5AFC /* Frameworks */,
				AF9A4023209EDEF3007F5AFC /* Resources */,
			);
			buildRules = (
			);
			dependencies = (
			);
			name = test_savage;
			productName = test_savage;
			productReference = AF9A4025209EDEF3007F5AFC /* test_savage.app */;
			productType = "com.apple.product-type.application";
		};
		AF9A4038209EDEF4007F5AFC /* test_savageTests */ = {
			isa = PBXNativeTarget;
			buildConfigurationList = AF9A4045209EDEF4007F5AFC /* Build configuration list for PBXNativeTarget "test_savageTests" */;
			buildPhases = (
				AF9A4035209EDEF4007F5AFC /* Sources */,
				AF9A4036209EDEF4007F5AFC /* Frameworks */,
				AF9A4037209EDEF4007F5AFC /* Resources */,
			);
			buildRules = (
			);
			dependencies = (
				AF9A403B209EDEF4007F5AFC /* PBXTargetDependency */,
			);
			name = test_savageTests;
			productName = test_savageTests;
			productReference = AF9A4039209EDEF4007F5AFC /* test_savageTests.xctest */;
			productType = "com.apple.product-type.bundle.unit-test";
		};
/* End PBXNativeTarget section */

/* Begin PBXProject section */
		AF9A401D209EDEF3007F5AFC /* Project object */ = {
			isa = PBXProject;
			attributes = {
				LastSwiftUpdateCheck = 0930;
				LastUpgradeCheck = 0930;
				ORGANIZATIONNAME = "Sam Hooper";
				TargetAttributes = {
					AF9A4024209EDEF3007F5AFC = {
						CreatedOnToolsVersion = 9.3;
					};
					AF9A4038209EDEF4007F5AFC = {
						CreatedOnToolsVersion = 9.3;
						TestTargetID = AF9A4024209EDEF3007F5AFC;
					};
				};
			};
			buildConfigurationList = AF9A4020209EDEF3007F5AFC /* Build configuration list for PBXProject "test_savage" */;
			compatibilityVersion = "Xcode 9.3";
			developmentRegion = en;
			hasScannedForEncodings = 0;
			knownRegions = (
				en,
				Base,
			);
			mainGroup = AF9A401C209EDEF3007F5AFC;
			productRefGroup = AF9A4026209EDEF3007F5AFC /* Products */;
			projectDirPath = "";
			projectRoot = "";
			targets = (
				AF9A4024209EDEF3007F5AFC /* test_savage */,
				AF9A4038209EDEF4007F5AFC /* test_savageTests */,
			);
		};
/* End PBXProject section */

/* Begin PBXResourcesBuildPhase section */
		AF9A4023209EDEF3007F5AFC /* Resources */ = {
			isa = PBXResourcesBuildPhase;
			buildActionMask = 2147483647;
			files = (
				AF9A4033209EDEF3007F5AFC /* LaunchScreen.storyboard in Resources */,
				AF9A4030209EDEF3007F5AFC /* Assets.xcassets in Resources */,
				AF9A402E209EDEF3007F5AFC /* Main.storyboard in Resources */,
			);
			runOnlyForDeploymentPostprocessing = 0;
		};
		AF9A4037209EDEF4007F5AFC /* Resources */ = {
			isa = PBXResourcesBuildPhase;
			buildActionMask = 2147483647;
			files = (
			);
			runOnlyForDeploymentPostprocessing = 0;
		};
/* End PBXResourcesBuildPhase section */

/* Begin PBXSourcesBuildPhase section */
		AF9A4021209EDEF3007F5AFC /* Sources */ = {
			isa = PBXSourcesBuildPhase;
			buildActionMask = 2147483647;
			files = (
				AF9A402B209EDEF3007F5AFC /* ViewController.swift in Sources */,
				AF56CA15209FEE550039FE1B /* RatingControl.swift in Sources */,
				AF9A4029209EDEF3007F5AFC /* AppDelegate.swift in Sources */,
			);
			runOnlyForDeploymentPostprocessing = 0;
		};
		AF9A4035209EDEF4007F5AFC /* Sources */ = {
			isa = PBXSourcesBuildPhase;
			buildActionMask = 2147483647;
			files = (
				AF9A403E209EDEF4007F5AFC /* test_savageTests.swift in Sources */,
			);
			runOnlyForDeploymentPostprocessing = 0;
		};
/* End PBXSourcesBuildPhase section */

/* Begin PBXTargetDependency section */
		AF9A403B209EDEF4007F5AFC /* PBXTargetDependency */ = {
			isa = PBXTargetDependency;
			target = AF9A4024209EDEF3007F5AFC /* test_savage */;
			targetProxy = AF9A403A209EDEF4007F5AFC /* PBXContainerItemProxy */;
		};
/* End PBXTargetDependency section */

/* Begin PBXVariantGroup section */
		AF9A402C209EDEF3007F5AFC /* Main.storyboard */ = {
			isa = PBXVariantGroup;
			children = (
				AF9A402D209EDEF3007F5AFC /* Base */,
			);
			name = Main.storyboard;
			sourceTree = "<group>";
		};
		AF9A4031209EDEF3007F5AFC /* LaunchScreen.storyboard */ = {
			isa = PBXVariantGroup;
			children = (
				AF9A4032209EDEF3007F5AFC /* Base */,
			);
			name = LaunchScreen.storyboard;
			sourceTree = "<group>";
		};
/* End PBXVariantGroup section */

/* Begin XCBuildConfiguration section */
		AF9A4040209EDEF4007F5AFC /* Debug */ = {
			isa = XCBuildConfiguration;
			buildSettings = {
				ALWAYS_SEARCH_USER_PATHS = NO;
				CLANG_ANALYZER_NONNULL = YES;
				CLANG_ANALYZER_NUMBER_OBJECT_CONVERSION = YES_AGGRESSIVE;
				CLANG_CXX_LANGUAGE_STANDARD = "gnu++14";
				CLANG_CXX_LIBRARY = "libc++";
				CLANG_ENABLE_MODULES = YES;
				CLANG_ENABLE_OBJC_ARC = YES;
				CLANG_ENABLE_OBJC_WEAK = YES;
				CLANG_WARN_BLOCK_CAPTURE_AUTORELEASING = YES;
				CLANG_WARN_BOOL_CONVERSION = YES;
				CLANG_WARN_COMMA = YES;
				CLANG_WARN_CONSTANT_CONVERSION = YES;
				CLANG_WARN_DEPRECATED_OBJC_IMPLEMENTATIONS = YES;
				CLANG_WARN_DIRECT_OBJC_ISA_USAGE = YES_ERROR;
				CLANG_WARN_DOCUMENTATION_COMMENTS = YES;
				CLANG_WARN_EMPTY_BODY = YES;
				CLANG_WARN_ENUM_CONVERSION = YES;
				CLANG_WARN_INFINITE_RECURSION = YES;
				CLANG_WARN_INT_CONVERSION = YES;
				CLANG_WARN_NON_LITERAL_NULL_CONVERSION = YES;
				CLANG_WARN_OBJC_IMPLICIT_RETAIN_SELF = YES;
				CLANG_WARN_OBJC_LITERAL_CONVERSION = YES;
				CLANG_WARN_OBJC_ROOT_CLASS = YES_ERROR;
				CLANG_WARN_RANGE_LOOP_ANALYSIS = YES;
				CLANG_WARN_STRICT_PROTOTYPES = YES;
				CLANG_WARN_SUSPICIOUS_MOVE = YES;
				CLANG_WARN_UNGUARDED_AVAILABILITY = YES_AGGRESSIVE;
				CLANG_WARN_UNREACHABLE_CODE = YES;
				CLANG_WARN__DUPLICATE_METHOD_MATCH = YES;
				CODE_SIGN_IDENTITY = "iPhone Developer";
				COPY_PHASE_STRIP = NO;
				DEBUG_INFORMATION_FORMAT = dwarf;
				ENABLE_STRICT_OBJC_MSGSEND = YES;
				ENABLE_TESTABILITY = YES;
				GCC_C_LANGUAGE_STANDARD = gnu11;
				GCC_DYNAMIC_NO_PIC = NO;
				GCC_NO_COMMON_BLOCKS = YES;
				GCC_OPTIMIZATION_LEVEL = 0;
				GCC_PREPROCESSOR_DEFINITIONS = (
					"DEBUG=1",
					"$(inherited)",
				);
				GCC_WARN_64_TO_32_BIT_CONVERSION = YES;
				GCC_WARN_ABOUT_RETURN_TYPE = YES_ERROR;
				GCC_WARN_UNDECLARED_SELECTOR = YES;
				GCC_WARN_UNINITIALIZED_AUTOS = YES_AGGRESSIVE;
				GCC_WARN_UNUSED_FUNCTION = YES;
				GCC_WARN_UNUSED_VARIABLE = YES;
				IPHONEOS_DEPLOYMENT_TARGET = 11.3;
				MTL_ENABLE_DEBUG_INFO = YES;
				ONLY_ACTIVE_ARCH = YES;
				SDKROOT = iphoneos;
				SWIFT_ACTIVE_COMPILATION_CONDITIONS = DEBUG;
				SWIFT_OPTIMIZATION_LEVEL = "-Onone";
			};
			name = Debug;
		};
		AF9A4041209EDEF4007F5AFC /* Release */ = {
			isa = XCBuildConfiguration;
			buildSettings = {
				ALWAYS_SEARCH_USER_PATHS = NO;
				CLANG_ANALYZER_NONNULL = YES;
				CLANG_ANALYZER_NUMBER_OBJECT_CONVERSION = YES_AGGRESSIVE;
				CLANG_CXX_LANGUAGE_STANDARD = "gnu++14";
				CLANG_CXX_LIBRARY = "libc++";
				CLANG_ENABLE_MODULES = YES;
				CLANG_ENABLE_OBJC_ARC = YES;
				CLANG_ENABLE_OBJC_WEAK = YES;
				CLANG_WARN_BLOCK_CAPTURE_AUTORELEASING = YES;
				CLANG_WARN_BOOL_CONVERSION = YES;
				CLANG_WARN_COMMA = YES;
				CLANG_WARN_CONSTANT_CONVERSION = YES;
				CLANG_WARN_DEPRECATED_OBJC_IMPLEMENTATIONS = YES;
				CLANG_WARN_DIRECT_OBJC_ISA_USAGE = YES_ERROR;
				CLANG_WARN_DOCUMENTATION_COMMENTS = YES;
				CLANG_WARN_EMPTY_BODY = YES;
				CLANG_WARN_ENUM_CONVERSION = YES;
				CLANG_WARN_INFINITE_RECURSION = YES;
				CLANG_WARN_INT_CONVERSION = YES;
				CLANG_WARN_NON_LITERAL_NULL_CONVERSION = YES;
				CLANG_WARN_OBJC_IMPLICIT_RETAIN_SELF = YES;
				CLANG_WARN_OBJC_LITERAL_CONVERSION = YES;
				CLANG_WARN_OBJC_ROOT_CLASS = YES_ERROR;
				CLANG_WARN_RANGE_LOOP_ANALYSIS = YES;
				CLANG_WARN_STRICT_PROTOTYPES = YES;
				CLANG_WARN_SUSPICIOUS_MOVE = YES;
				CLANG_WARN_UNGUARDED_AVAILABILITY = YES_AGGRESSIVE;
				CLANG_WARN_UNREACHABLE_CODE = YES;
				CLANG_WARN__DUPLICATE_METHOD_MATCH = YES;
				CODE_SIGN_IDENTITY = "iPhone Developer";
				COPY_PHASE_STRIP = NO;
				DEBUG_INFORMATION_FORMAT = "dwarf-with-dsym";
				ENABLE_NS_ASSERTIONS = NO;
				ENABLE_STRICT_OBJC_MSGSEND = YES;
				GCC_C_LANGUAGE_STANDARD = gnu11;
				GCC_NO_COMMON_BLOCKS = YES;
				GCC_WARN_64_TO_32_BIT_CONVERSION = YES;
				GCC_WARN_ABOUT_RETURN_TYPE = YES_ERROR;
				GCC_WARN_UNDECLARED_SELECTOR = YES;
				GCC_WARN_UNINITIALIZED_AUTOS = YES_AGGRESSIVE;
				GCC_WARN_UNUSED_FUNCTION = YES;
				GCC_WARN_UNUSED_VARIABLE = YES;
				IPHONEOS_DEPLOYMENT_TARGET = 11.3;
				MTL_ENABLE_DEBUG_INFO = NO;
				SDKROOT = iphoneos;
				SWIFT_COMPILATION_MODE = wholemodule;
				SWIFT_OPTIMIZATION_LEVEL = "-O";
				VALIDATE_PRODUCT = YES;
			};
			name = Release;
		};
		AF9A4043209EDEF4007F5AFC /* Debug */ = {
			isa = XCBuildConfiguration;
			buildSettings = {
				ASSETCATALOG_COMPILER_APPICON_NAME = AppIcon;
				CODE_SIGN_STYLE = Automatic;
				DEVELOPMENT_TEAM = C4T43F6ZLM;
				INFOPLIST_FILE = test_savage/Info.plist;
				LD_RUNPATH_SEARCH_PATHS = (
					"$(inherited)",
					"@executable_path/Frameworks",
				);
				PRODUCT_BUNDLE_IDENTIFIER = "com.example.test-savage";
				PRODUCT_NAME = "$(TARGET_NAME)";
				SWIFT_VERSION = 4.0;
				TARGETED_DEVICE_FAMILY = "1,2";
			};
			name = Debug;
		};
		AF9A4044209EDEF4007F5AFC /* Release */ = {
			isa = XCBuildConfiguration;
			buildSettings = {
				ASSETCATALOG_COMPILER_APPICON_NAME = AppIcon;
				CODE_SIGN_STYLE = Automatic;
				DEVELOPMENT_TEAM = C4T43F6ZLM;
				INFOPLIST_FILE = test_savage/Info.plist;
				LD_RUNPATH_SEARCH_PATHS = (
					"$(inherited)",
					"@executable_path/Frameworks",
				);
				PRODUCT_BUNDLE_IDENTIFIER = "com.example.test-savage";
				PRODUCT_NAME = "$(TARGET_NAME)";
				SWIFT_VERSION = 4.0;
				TARGETED_DEVICE_FAMILY = "1,2";
			};
			name = Release;
		};
		AF9A4046209EDEF4007F5AFC /* Debug */ = {
			isa = XCBuildConfiguration;
			buildSettings = {
				ALWAYS_EMBED_SWIFT_STANDARD_LIBRARIES = YES;
				BUNDLE_LOADER = "$(TEST_HOST)";
				CODE_SIGN_STYLE = Automatic;
				DEVELOPMENT_TEAM = C4T43F6ZLM;
				INFOPLIST_FILE = test_savageTests/Info.plist;
				LD_RUNPATH_SEARCH_PATHS = (
					"$(inherited)",
					"@executable_path/Frameworks",
					"@loader_path/Frameworks",
				);
				PRODUCT_BUNDLE_IDENTIFIER = "com.example.test-savageTests";
				PRODUCT_NAME = "$(TARGET_NAME)";
				SWIFT_VERSION = 4.0;
				TARGETED_DEVICE_FAMILY = "1,2";
				TEST_HOST = "$(BUILT_PRODUCTS_DIR)/test_savage.app/test_savage";
			};
			name = Debug;
		};
		AF9A4047209EDEF4007F5AFC /* Release */ = {
			isa = XCBuildConfiguration;
			buildSettings = {
				ALWAYS_EMBED_SWIFT_STANDARD_LIBRARIES = YES;
				BUNDLE_LOADER = "$(TEST_HOST)";
				CODE_SIGN_STYLE = Automatic;
				DEVELOPMENT_TEAM = C4T43F6ZLM;
				INFOPLIST_FILE = test_savageTests/Info.plist;
				LD_RUNPATH_SEARCH_PATHS = (
					"$(inherited)",
					"@executable_path/Frameworks",
					"@loader_path/Frameworks",
				);
				PRODUCT_BUNDLE_IDENTIFIER = "com.example.test-savageTests";
				PRODUCT_NAME = "$(TARGET_NAME)";
				SWIFT_VERSION = 4.0;
				TARGETED_DEVICE_FAMILY = "1,2";
				TEST_HOST = "$(BUILT_PRODUCTS_DIR)/test_savage.app/test_savage";
			};
			name = Release;
		};
/* End XCBuildConfiguration section */

/* Begin XCConfigurationList section */
		AF9A4020209EDEF3007F5AFC /* Build configuration list for PBXProject "test_savage" */ = {
			isa = XCConfigurationList;
			buildConfigurations = (
				AF9A4040209EDEF4007F5AFC /* Debug */,
				AF9A4041209EDEF4007F5AFC /* Release */,
			);
			defaultConfigurationIsVisible = 0;
			defaultConfigurationName = Release;
		};
		AF9A4042209EDEF4007F5AFC /* Build configuration list for PBXNativeTarget "test_savage" */ = {
			isa = XCConfigurationList;
			buildConfigurations = (
				AF9A4043209EDEF4007F5AFC /* Debug */,
				AF9A4044209EDEF4007F5AFC /* Release */,
			);
			defaultConfigurationIsVisible = 0;
			defaultConfigurationName = Release;
		};
		AF9A4045209EDEF4007F5AFC /* Build configuration list for PBXNativeTarget "test_savageTests" */ = {
			isa = XCConfigurationList;
			buildConfigurations = (
				AF9A4046209EDEF4007F5AFC /* Debug */,
				AF9A4047209EDEF4007F5AFC /* Release */,
			);
			defaultConfigurationIsVisible = 0;
			defaultConfigurationName = Release;
		};
/* End XCConfigurationList section */
	};
	rootObject = AF9A401D209EDEF3007F5AFC /* Project object */;
}
