// !$*UTF8*$!
{
	archiveVersion = 1;
	classes = {
	};
	objectVersion = 50;
	objects = {

/* Begin PBXBuildFile section */
		AF14B75320ABA3B900EB60D8 /* DropDownTextFieldControl.swift in Sources */ = {isa = PBXBuildFile; fileRef = AF14B75220ABA3B900EB60D8 /* DropDownTextFieldControl.swift */; };
		AF5E82F020A9FB8300386083 /* CustomDatePicker.swift in Sources */ = {isa = PBXBuildFile; fileRef = AF5E82EF20A9FB8300386083 /* CustomDatePicker.swift */; };
		AF5E82F420AA1F3000386083 /* ObservationTableViewCell.swift in Sources */ = {isa = PBXBuildFile; fileRef = AF5E82F320AA1F3000386083 /* ObservationTableViewCell.swift */; };
		AF5E82F620AA2A2200386083 /* ObservationTableViewController.swift in Sources */ = {isa = PBXBuildFile; fileRef = AF5E82F520AA2A2200386083 /* ObservationTableViewController.swift */; };
		AF5E82F820AA2A9300386083 /* Observation.swift in Sources */ = {isa = PBXBuildFile; fileRef = AF5E82F720AA2A9300386083 /* Observation.swift */; };
		AF5E82FA20AA4D8400386083 /* ObservationViewController.swift in Sources */ = {isa = PBXBuildFile; fileRef = AF5E82F920AA4D8400386083 /* ObservationViewController.swift */; };
		AF67170120A4C58F0039C490 /* AppDelegate.swift in Sources */ = {isa = PBXBuildFile; fileRef = AF67170020A4C58F0039C490 /* AppDelegate.swift */; };
		AF67170320A4C58F0039C490 /* SessionViewController.swift in Sources */ = {isa = PBXBuildFile; fileRef = AF67170220A4C58F0039C490 /* SessionViewController.swift */; };
		AF67170620A4C58F0039C490 /* Main.storyboard in Resources */ = {isa = PBXBuildFile; fileRef = AF67170420A4C58F0039C490 /* Main.storyboard */; };
		AF67170820A4C5910039C490 /* Assets.xcassets in Resources */ = {isa = PBXBuildFile; fileRef = AF67170720A4C5910039C490 /* Assets.xcassets */; };
		AF67170B20A4C5910039C490 /* LaunchScreen.storyboard in Resources */ = {isa = PBXBuildFile; fileRef = AF67170920A4C5910039C490 /* LaunchScreen.storyboard */; };
		AF67171620A4C5910039C490 /* savageCheckerTests.swift in Sources */ = {isa = PBXBuildFile; fileRef = AF67171520A4C5910039C490 /* savageCheckerTests.swift */; };
		AF67172120A4D0AC0039C490 /* Session.swift in Sources */ = {isa = PBXBuildFile; fileRef = AF67172020A4D0AC0039C490 /* Session.swift */; };
		AF7F9D7120B4995E000231E2 /* SQLiteDatabase.swift in Sources */ = {isa = PBXBuildFile; fileRef = AF7F9D7020B4995E000231E2 /* SQLiteDatabase.swift */; };
/* End PBXBuildFile section */

/* Begin PBXContainerItemProxy section */
		AF67171220A4C5910039C490 /* PBXContainerItemProxy */ = {
			isa = PBXContainerItemProxy;
			containerPortal = AF6716F520A4C58F0039C490 /* Project object */;
			proxyType = 1;
			remoteGlobalIDString = AF6716FC20A4C58F0039C490;
			remoteInfo = savageChecker;
		};
/* End PBXContainerItemProxy section */

/* Begin PBXFileReference section */
		AF14B75220ABA3B900EB60D8 /* DropDownTextFieldControl.swift */ = {isa = PBXFileReference; lastKnownFileType = sourcecode.swift; path = DropDownTextFieldControl.swift; sourceTree = "<group>"; };
		AF5E82EF20A9FB8300386083 /* CustomDatePicker.swift */ = {isa = PBXFileReference; lastKnownFileType = sourcecode.swift; name = CustomDatePicker.swift; path = ../CustomDatePicker.swift; sourceTree = "<group>"; };
		AF5E82F320AA1F3000386083 /* ObservationTableViewCell.swift */ = {isa = PBXFileReference; lastKnownFileType = sourcecode.swift; path = ObservationTableViewCell.swift; sourceTree = "<group>"; };
		AF5E82F520AA2A2200386083 /* ObservationTableViewController.swift */ = {isa = PBXFileReference; lastKnownFileType = sourcecode.swift; path = ObservationTableViewController.swift; sourceTree = "<group>"; };
		AF5E82F720AA2A9300386083 /* Observation.swift */ = {isa = PBXFileReference; lastKnownFileType = sourcecode.swift; path = Observation.swift; sourceTree = "<group>"; };
		AF5E82F920AA4D8400386083 /* ObservationViewController.swift */ = {isa = PBXFileReference; lastKnownFileType = sourcecode.swift; path = ObservationViewController.swift; sourceTree = "<group>"; };
		AF6716FD20A4C58F0039C490 /* savageChecker.app */ = {isa = PBXFileReference; explicitFileType = wrapper.application; includeInIndex = 0; path = savageChecker.app; sourceTree = BUILT_PRODUCTS_DIR; };
		AF67170020A4C58F0039C490 /* AppDelegate.swift */ = {isa = PBXFileReference; lastKnownFileType = sourcecode.swift; path = AppDelegate.swift; sourceTree = "<group>"; };
		AF67170220A4C58F0039C490 /* SessionViewController.swift */ = {isa = PBXFileReference; lastKnownFileType = sourcecode.swift; path = SessionViewController.swift; sourceTree = "<group>"; };
		AF67170520A4C58F0039C490 /* Base */ = {isa = PBXFileReference; lastKnownFileType = file.storyboard; name = Base; path = Base.lproj/Main.storyboard; sourceTree = "<group>"; };
		AF67170720A4C5910039C490 /* Assets.xcassets */ = {isa = PBXFileReference; lastKnownFileType = folder.assetcatalog; path = Assets.xcassets; sourceTree = "<group>"; };
		AF67170A20A4C5910039C490 /* Base */ = {isa = PBXFileReference; lastKnownFileType = file.storyboard; name = Base; path = Base.lproj/LaunchScreen.storyboard; sourceTree = "<group>"; };
		AF67170C20A4C5910039C490 /* Info.plist */ = {isa = PBXFileReference; lastKnownFileType = text.plist.xml; path = Info.plist; sourceTree = "<group>"; };
		AF67171120A4C5910039C490 /* savageCheckerTests.xctest */ = {isa = PBXFileReference; explicitFileType = wrapper.cfbundle; includeInIndex = 0; path = savageCheckerTests.xctest; sourceTree = BUILT_PRODUCTS_DIR; };
		AF67171520A4C5910039C490 /* savageCheckerTests.swift */ = {isa = PBXFileReference; lastKnownFileType = sourcecode.swift; path = savageCheckerTests.swift; sourceTree = "<group>"; };
		AF67171720A4C5910039C490 /* Info.plist */ = {isa = PBXFileReference; lastKnownFileType = text.plist.xml; path = Info.plist; sourceTree = "<group>"; };
		AF67172020A4D0AC0039C490 /* Session.swift */ = {isa = PBXFileReference; lastKnownFileType = sourcecode.swift; path = Session.swift; sourceTree = "<group>"; };
		AF7F9D7020B4995E000231E2 /* SQLiteDatabase.swift */ = {isa = PBXFileReference; lastKnownFileType = sourcecode.swift; path = SQLiteDatabase.swift; sourceTree = "<group>"; };
/* End PBXFileReference section */

/* Begin PBXFrameworksBuildPhase section */
		AF6716FA20A4C58F0039C490 /* Frameworks */ = {
			isa = PBXFrameworksBuildPhase;
			buildActionMask = 2147483647;
			files = (
			);
			runOnlyForDeploymentPostprocessing = 0;
		};
		AF67170E20A4C5910039C490 /* Frameworks */ = {
			isa = PBXFrameworksBuildPhase;
			buildActionMask = 2147483647;
			files = (
			);
			runOnlyForDeploymentPostprocessing = 0;
		};
/* End PBXFrameworksBuildPhase section */

/* Begin PBXGroup section */
		AF6716F420A4C58F0039C490 = {
			isa = PBXGroup;
			children = (
				AF6716FF20A4C58F0039C490 /* savageChecker */,
				AF67171420A4C5910039C490 /* savageCheckerTests */,
				AF6716FE20A4C58F0039C490 /* Products */,
			);
			sourceTree = "<group>";
		};
		AF6716FE20A4C58F0039C490 /* Products */ = {
			isa = PBXGroup;
			children = (
				AF6716FD20A4C58F0039C490 /* savageChecker.app */,
				AF67171120A4C5910039C490 /* savageCheckerTests.xctest */,
			);
			name = Products;
			sourceTree = "<group>";
		};
		AF6716FF20A4C58F0039C490 /* savageChecker */ = {
			isa = PBXGroup;
			children = (
				AF67170020A4C58F0039C490 /* AppDelegate.swift */,
				AF14B75220ABA3B900EB60D8 /* DropDownTextFieldControl.swift */,
				AF67170220A4C58F0039C490 /* SessionViewController.swift */,
				AF67172020A4D0AC0039C490 /* Session.swift */,
				AF5E82EF20A9FB8300386083 /* CustomDatePicker.swift */,
				AF5E82F320AA1F3000386083 /* ObservationTableViewCell.swift */,
				AF5E82F520AA2A2200386083 /* ObservationTableViewController.swift */,
				AF5E82F720AA2A9300386083 /* Observation.swift */,
				AF5E82F920AA4D8400386083 /* ObservationViewController.swift */,
				AF7F9D7020B4995E000231E2 /* SQLiteDatabase.swift */,
				AF67170420A4C58F0039C490 /* Main.storyboard */,
				AF67170720A4C5910039C490 /* Assets.xcassets */,
				AF67170920A4C5910039C490 /* LaunchScreen.storyboard */,
				AF67170C20A4C5910039C490 /* Info.plist */,
			);
			path = savageChecker;
			sourceTree = "<group>";
		};
		AF67171420A4C5910039C490 /* savageCheckerTests */ = {
			isa = PBXGroup;
			children = (
				AF67171520A4C5910039C490 /* savageCheckerTests.swift */,
				AF67171720A4C5910039C490 /* Info.plist */,
			);
			path = savageCheckerTests;
			sourceTree = "<group>";
		};
/* End PBXGroup section */

/* Begin PBXNativeTarget section */
		AF6716FC20A4C58F0039C490 /* savageChecker */ = {
			isa = PBXNativeTarget;
			buildConfigurationList = AF67171A20A4C5910039C490 /* Build configuration list for PBXNativeTarget "savageChecker" */;
			buildPhases = (
				AF6716F920A4C58F0039C490 /* Sources */,
				AF6716FA20A4C58F0039C490 /* Frameworks */,
				AF6716FB20A4C58F0039C490 /* Resources */,
			);
			buildRules = (
			);
			dependencies = (
			);
			name = savageChecker;
			productName = savageChecker;
			productReference = AF6716FD20A4C58F0039C490 /* savageChecker.app */;
			productType = "com.apple.product-type.application";
		};
		AF67171020A4C5910039C490 /* savageCheckerTests */ = {
			isa = PBXNativeTarget;
			buildConfigurationList = AF67171D20A4C5910039C490 /* Build configuration list for PBXNativeTarget "savageCheckerTests" */;
			buildPhases = (
				AF67170D20A4C5910039C490 /* Sources */,
				AF67170E20A4C5910039C490 /* Frameworks */,
				AF67170F20A4C5910039C490 /* Resources */,
			);
			buildRules = (
			);
			dependencies = (
				AF67171320A4C5910039C490 /* PBXTargetDependency */,
			);
			name = savageCheckerTests;
			productName = savageCheckerTests;
			productReference = AF67171120A4C5910039C490 /* savageCheckerTests.xctest */;
			productType = "com.apple.product-type.bundle.unit-test";
		};
/* End PBXNativeTarget section */

/* Begin PBXProject section */
		AF6716F520A4C58F0039C490 /* Project object */ = {
			isa = PBXProject;
			attributes = {
				LastSwiftUpdateCheck = 0930;
				LastUpgradeCheck = 0930;
				ORGANIZATIONNAME = "Sam Hooper";
				TargetAttributes = {
					AF6716FC20A4C58F0039C490 = {
						CreatedOnToolsVersion = 9.3;
					};
					AF67171020A4C5910039C490 = {
						CreatedOnToolsVersion = 9.3;
						TestTargetID = AF6716FC20A4C58F0039C490;
					};
				};
			};
			buildConfigurationList = AF6716F820A4C58F0039C490 /* Build configuration list for PBXProject "savageChecker" */;
			compatibilityVersion = "Xcode 9.3";
			developmentRegion = en;
			hasScannedForEncodings = 0;
			knownRegions = (
				en,
				Base,
			);
			mainGroup = AF6716F420A4C58F0039C490;
			productRefGroup = AF6716FE20A4C58F0039C490 /* Products */;
			projectDirPath = "";
			projectRoot = "";
			targets = (
				AF6716FC20A4C58F0039C490 /* savageChecker */,
				AF67171020A4C5910039C490 /* savageCheckerTests */,
			);
		};
/* End PBXProject section */

/* Begin PBXResourcesBuildPhase section */
		AF6716FB20A4C58F0039C490 /* Resources */ = {
			isa = PBXResourcesBuildPhase;
			buildActionMask = 2147483647;
			files = (
				AF67170B20A4C5910039C490 /* LaunchScreen.storyboard in Resources */,
				AF67170820A4C5910039C490 /* Assets.xcassets in Resources */,
				AF67170620A4C58F0039C490 /* Main.storyboard in Resources */,
			);
			runOnlyForDeploymentPostprocessing = 0;
		};
		AF67170F20A4C5910039C490 /* Resources */ = {
			isa = PBXResourcesBuildPhase;
			buildActionMask = 2147483647;
			files = (
			);
			runOnlyForDeploymentPostprocessing = 0;
		};
/* End PBXResourcesBuildPhase section */

/* Begin PBXSourcesBuildPhase section */
		AF6716F920A4C58F0039C490 /* Sources */ = {
			isa = PBXSourcesBuildPhase;
			buildActionMask = 2147483647;
			files = (
				AF5E82F020A9FB8300386083 /* CustomDatePicker.swift in Sources */,
				AF5E82F420AA1F3000386083 /* ObservationTableViewCell.swift in Sources */,
				AF5E82F620AA2A2200386083 /* ObservationTableViewController.swift in Sources */,
				AF5E82F820AA2A9300386083 /* Observation.swift in Sources */,
				AF7F9D7120B4995E000231E2 /* SQLiteDatabase.swift in Sources */,
				AF67170320A4C58F0039C490 /* SessionViewController.swift in Sources */,
				AF5E82FA20AA4D8400386083 /* ObservationViewController.swift in Sources */,
				AF67170120A4C58F0039C490 /* AppDelegate.swift in Sources */,
				AF14B75320ABA3B900EB60D8 /* DropDownTextFieldControl.swift in Sources */,
				AF67172120A4D0AC0039C490 /* Session.swift in Sources */,
			);
			runOnlyForDeploymentPostprocessing = 0;
		};
		AF67170D20A4C5910039C490 /* Sources */ = {
			isa = PBXSourcesBuildPhase;
			buildActionMask = 2147483647;
			files = (
				AF67171620A4C5910039C490 /* savageCheckerTests.swift in Sources */,
			);
			runOnlyForDeploymentPostprocessing = 0;
		};
/* End PBXSourcesBuildPhase section */

/* Begin PBXTargetDependency section */
		AF67171320A4C5910039C490 /* PBXTargetDependency */ = {
			isa = PBXTargetDependency;
			target = AF6716FC20A4C58F0039C490 /* savageChecker */;
			targetProxy = AF67171220A4C5910039C490 /* PBXContainerItemProxy */;
		};
/* End PBXTargetDependency section */

/* Begin PBXVariantGroup section */
		AF67170420A4C58F0039C490 /* Main.storyboard */ = {
			isa = PBXVariantGroup;
			children = (
				AF67170520A4C58F0039C490 /* Base */,
			);
			name = Main.storyboard;
			sourceTree = "<group>";
		};
		AF67170920A4C5910039C490 /* LaunchScreen.storyboard */ = {
			isa = PBXVariantGroup;
			children = (
				AF67170A20A4C5910039C490 /* Base */,
			);
			name = LaunchScreen.storyboard;
			sourceTree = "<group>";
		};
/* End PBXVariantGroup section */

/* Begin XCBuildConfiguration section */
		AF67171820A4C5910039C490 /* Debug */ = {
			isa = XCBuildConfiguration;
			buildSettings = {
				ALWAYS_SEARCH_USER_PATHS = NO;
				CLANG_ANALYZER_NONNULL = YES;
				CLANG_ANALYZER_NUMBER_OBJECT_CONVERSION = YES_AGGRESSIVE;
				CLANG_CXX_LANGUAGE_STANDARD = "gnu++14";
				CLANG_CXX_LIBRARY = "libc++";
				CLANG_ENABLE_MODULES = YES;
				CLANG_ENABLE_OBJC_ARC = YES;
				CLANG_ENABLE_OBJC_WEAK = YES;
				CLANG_WARN_BLOCK_CAPTURE_AUTORELEASING = YES;
				CLANG_WARN_BOOL_CONVERSION = YES;
				CLANG_WARN_COMMA = YES;
				CLANG_WARN_CONSTANT_CONVERSION = YES;
				CLANG_WARN_DEPRECATED_OBJC_IMPLEMENTATIONS = YES;
				CLANG_WARN_DIRECT_OBJC_ISA_USAGE = YES_ERROR;
				CLANG_WARN_DOCUMENTATION_COMMENTS = YES;
				CLANG_WARN_EMPTY_BODY = YES;
				CLANG_WARN_ENUM_CONVERSION = YES;
				CLANG_WARN_INFINITE_RECURSION = YES;
				CLANG_WARN_INT_CONVERSION = YES;
				CLANG_WARN_NON_LITERAL_NULL_CONVERSION = YES;
				CLANG_WARN_OBJC_IMPLICIT_RETAIN_SELF = YES;
				CLANG_WARN_OBJC_LITERAL_CONVERSION = YES;
				CLANG_WARN_OBJC_ROOT_CLASS = YES_ERROR;
				CLANG_WARN_RANGE_LOOP_ANALYSIS = YES;
				CLANG_WARN_STRICT_PROTOTYPES = YES;
				CLANG_WARN_SUSPICIOUS_MOVE = YES;
				CLANG_WARN_UNGUARDED_AVAILABILITY = YES_AGGRESSIVE;
				CLANG_WARN_UNREACHABLE_CODE = YES;
				CLANG_WARN__DUPLICATE_METHOD_MATCH = YES;
				CODE_SIGN_IDENTITY = "iPhone Developer";
				COPY_PHASE_STRIP = NO;
				DEBUG_INFORMATION_FORMAT = dwarf;
				ENABLE_STRICT_OBJC_MSGSEND = YES;
				ENABLE_TESTABILITY = YES;
				GCC_C_LANGUAGE_STANDARD = gnu11;
				GCC_DYNAMIC_NO_PIC = NO;
				GCC_NO_COMMON_BLOCKS = YES;
				GCC_OPTIMIZATION_LEVEL = 0;
				GCC_PREPROCESSOR_DEFINITIONS = (
					"DEBUG=1",
					"$(inherited)",
				);
				GCC_WARN_64_TO_32_BIT_CONVERSION = YES;
				GCC_WARN_ABOUT_RETURN_TYPE = YES_ERROR;
				GCC_WARN_UNDECLARED_SELECTOR = YES;
				GCC_WARN_UNINITIALIZED_AUTOS = YES_AGGRESSIVE;
				GCC_WARN_UNUSED_FUNCTION = YES;
				GCC_WARN_UNUSED_VARIABLE = YES;
				IPHONEOS_DEPLOYMENT_TARGET = 11.3;
				MTL_ENABLE_DEBUG_INFO = YES;
				ONLY_ACTIVE_ARCH = YES;
				SDKROOT = iphoneos;
				SWIFT_ACTIVE_COMPILATION_CONDITIONS = DEBUG;
				SWIFT_OPTIMIZATION_LEVEL = "-Onone";
			};
			name = Debug;
		};
		AF67171920A4C5910039C490 /* Release */ = {
			isa = XCBuildConfiguration;
			buildSettings = {
				ALWAYS_SEARCH_USER_PATHS = NO;
				CLANG_ANALYZER_NONNULL = YES;
				CLANG_ANALYZER_NUMBER_OBJECT_CONVERSION = YES_AGGRESSIVE;
				CLANG_CXX_LANGUAGE_STANDARD = "gnu++14";
				CLANG_CXX_LIBRARY = "libc++";
				CLANG_ENABLE_MODULES = YES;
				CLANG_ENABLE_OBJC_ARC = YES;
				CLANG_ENABLE_OBJC_WEAK = YES;
				CLANG_WARN_BLOCK_CAPTURE_AUTORELEASING = YES;
				CLANG_WARN_BOOL_CONVERSION = YES;
				CLANG_WARN_COMMA = YES;
				CLANG_WARN_CONSTANT_CONVERSION = YES;
				CLANG_WARN_DEPRECATED_OBJC_IMPLEMENTATIONS = YES;
				CLANG_WARN_DIRECT_OBJC_ISA_USAGE = YES_ERROR;
				CLANG_WARN_DOCUMENTATION_COMMENTS = YES;
				CLANG_WARN_EMPTY_BODY = YES;
				CLANG_WARN_ENUM_CONVERSION = YES;
				CLANG_WARN_INFINITE_RECURSION = YES;
				CLANG_WARN_INT_CONVERSION = YES;
				CLANG_WARN_NON_LITERAL_NULL_CONVERSION = YES;
				CLANG_WARN_OBJC_IMPLICIT_RETAIN_SELF = YES;
				CLANG_WARN_OBJC_LITERAL_CONVERSION = YES;
				CLANG_WARN_OBJC_ROOT_CLASS = YES_ERROR;
				CLANG_WARN_RANGE_LOOP_ANALYSIS = YES;
				CLANG_WARN_STRICT_PROTOTYPES = YES;
				CLANG_WARN_SUSPICIOUS_MOVE = YES;
				CLANG_WARN_UNGUARDED_AVAILABILITY = YES_AGGRESSIVE;
				CLANG_WARN_UNREACHABLE_CODE = YES;
				CLANG_WARN__DUPLICATE_METHOD_MATCH = YES;
				CODE_SIGN_IDENTITY = "iPhone Developer";
				COPY_PHASE_STRIP = NO;
				DEBUG_INFORMATION_FORMAT = "dwarf-with-dsym";
				ENABLE_NS_ASSERTIONS = NO;
				ENABLE_STRICT_OBJC_MSGSEND = YES;
				GCC_C_LANGUAGE_STANDARD = gnu11;
				GCC_NO_COMMON_BLOCKS = YES;
				GCC_WARN_64_TO_32_BIT_CONVERSION = YES;
				GCC_WARN_ABOUT_RETURN_TYPE = YES_ERROR;
				GCC_WARN_UNDECLARED_SELECTOR = YES;
				GCC_WARN_UNINITIALIZED_AUTOS = YES_AGGRESSIVE;
				GCC_WARN_UNUSED_FUNCTION = YES;
				GCC_WARN_UNUSED_VARIABLE = YES;
				IPHONEOS_DEPLOYMENT_TARGET = 11.3;
				MTL_ENABLE_DEBUG_INFO = NO;
				SDKROOT = iphoneos;
				SWIFT_COMPILATION_MODE = wholemodule;
				SWIFT_OPTIMIZATION_LEVEL = "-O";
				VALIDATE_PRODUCT = YES;
			};
			name = Release;
		};
		AF67171B20A4C5910039C490 /* Debug */ = {
			isa = XCBuildConfiguration;
			buildSettings = {
				ASSETCATALOG_COMPILER_APPICON_NAME = AppIcon;
				CODE_SIGN_STYLE = Automatic;
				INFOPLIST_FILE = savageChecker/Info.plist;
				LD_RUNPATH_SEARCH_PATHS = (
					"$(inherited)",
					"@executable_path/Frameworks",
				);
				PRODUCT_BUNDLE_IDENTIFIER = com.example.savageChecker;
				PRODUCT_NAME = "$(TARGET_NAME)";
				SWIFT_VERSION = 4.0;
				TARGETED_DEVICE_FAMILY = "1,2";
			};
			name = Debug;
		};
		AF67171C20A4C5910039C490 /* Release */ = {
			isa = XCBuildConfiguration;
			buildSettings = {
				ASSETCATALOG_COMPILER_APPICON_NAME = AppIcon;
				CODE_SIGN_STYLE = Automatic;
				INFOPLIST_FILE = savageChecker/Info.plist;
				LD_RUNPATH_SEARCH_PATHS = (
					"$(inherited)",
					"@executable_path/Frameworks",
				);
				PRODUCT_BUNDLE_IDENTIFIER = com.example.savageChecker;
				PRODUCT_NAME = "$(TARGET_NAME)";
				SWIFT_VERSION = 4.0;
				TARGETED_DEVICE_FAMILY = "1,2";
			};
			name = Release;
		};
		AF67171E20A4C5910039C490 /* Debug */ = {
			isa = XCBuildConfiguration;
			buildSettings = {
				ALWAYS_EMBED_SWIFT_STANDARD_LIBRARIES = YES;
				BUNDLE_LOADER = "$(TEST_HOST)";
				CODE_SIGN_STYLE = Automatic;
				INFOPLIST_FILE = savageCheckerTests/Info.plist;
				LD_RUNPATH_SEARCH_PATHS = (
					"$(inherited)",
					"@executable_path/Frameworks",
					"@loader_path/Frameworks",
				);
				PRODUCT_BUNDLE_IDENTIFIER = com.example.savageCheckerTests;
				PRODUCT_NAME = "$(TARGET_NAME)";
				SWIFT_VERSION = 4.0;
				TARGETED_DEVICE_FAMILY = "1,2";
				TEST_HOST = "$(BUILT_PRODUCTS_DIR)/savageChecker.app/savageChecker";
			};
			name = Debug;
		};
		AF67171F20A4C5910039C490 /* Release */ = {
			isa = XCBuildConfiguration;
			buildSettings = {
				ALWAYS_EMBED_SWIFT_STANDARD_LIBRARIES = YES;
				BUNDLE_LOADER = "$(TEST_HOST)";
				CODE_SIGN_STYLE = Automatic;
				INFOPLIST_FILE = savageCheckerTests/Info.plist;
				LD_RUNPATH_SEARCH_PATHS = (
					"$(inherited)",
					"@executable_path/Frameworks",
					"@loader_path/Frameworks",
				);
				PRODUCT_BUNDLE_IDENTIFIER = com.example.savageCheckerTests;
				PRODUCT_NAME = "$(TARGET_NAME)";
				SWIFT_VERSION = 4.0;
				TARGETED_DEVICE_FAMILY = "1,2";
				TEST_HOST = "$(BUILT_PRODUCTS_DIR)/savageChecker.app/savageChecker";
			};
			name = Release;
		};
/* End XCBuildConfiguration section */

/* Begin XCConfigurationList section */
		AF6716F820A4C58F0039C490 /* Build configuration list for PBXProject "savageChecker" */ = {
			isa = XCConfigurationList;
			buildConfigurations = (
				AF67171820A4C5910039C490 /* Debug */,
				AF67171920A4C5910039C490 /* Release */,
			);
			defaultConfigurationIsVisible = 0;
			defaultConfigurationName = Release;
		};
		AF67171A20A4C5910039C490 /* Build configuration list for PBXNativeTarget "savageChecker" */ = {
			isa = XCConfigurationList;
			buildConfigurations = (
				AF67171B20A4C5910039C490 /* Debug */,
				AF67171C20A4C5910039C490 /* Release */,
			);
			defaultConfigurationIsVisible = 0;
			defaultConfigurationName = Release;
		};
		AF67171D20A4C5910039C490 /* Build configuration list for PBXNativeTarget "savageCheckerTests" */ = {
			isa = XCConfigurationList;
			buildConfigurations = (
				AF67171E20A4C5910039C490 /* Debug */,
				AF67171F20A4C5910039C490 /* Release */,
			);
			defaultConfigurationIsVisible = 0;
			defaultConfigurationName = Release;
		};
/* End XCConfigurationList section */
	};
	rootObject = AF6716F520A4C58F0039C490 /* Project object */;
}
